
Microsoft Visual Studio Solution File, Format Version 12.00
# Visual Studio Version 17
VisualStudioVersion = 17.7.34202.233
MinimumVisualStudioVersion = 10.0.40219.1
Project("{8BC9CEB8-8B4A-11D0-8D11-00A0C91BC942}") = "Currency", "Currency.vcxproj", "{FF135DC6-0AF0-4E0D-9BDE-8B61034A47C4}"
EndProject
Global
	GlobalSection(SolutionConfigurationPlatforms) = preSolution
		Debug|x64 = Debug|x64
		Debug|x86 = Debug|x86
		Release|x64 = Release|x64
		Release|x86 = Release|x86
	EndGlobalSection
	GlobalSection(ProjectConfigurationPlatforms) = postSolution
		{FF135DC6-0AF0-4E0D-9BDE-8B61034A47C4}.Debug|x64.ActiveCfg = Debug|x64
		{FF135DC6-0AF0-4E0D-9BDE-8B61034A47C4}.Debug|x64.Build.0 = Debug|x64
		{FF135DC6-0AF0-4E0D-9BDE-8B61034A47C4}.Debug|x86.ActiveCfg = Debug|Win32
		{FF135DC6-0AF0-4E0D-9BDE-8B61034A47C4}.Debug|x86.Build.0 = Debug|Win32
		{FF135DC6-0AF0-4E0D-9BDE-8B61034A47C4}.Release|x64.ActiveCfg = Release|x64
		{FF135DC6-0AF0-4E0D-9BDE-8B61034A47C4}.Release|x64.Build.0 = Release|x64
		{FF135DC6-0AF0-4E0D-9BDE-8B61034A47C4}.Release|x86.ActiveCfg = Release|Win32
		{FF135DC6-0AF0-4E0D-9BDE-8B61034A47C4}.Release|x86.Build.0 = Release|Win32
	EndGlobalSection
	GlobalSection(SolutionProperties) = preSolution
		HideSolutionNode = FALSE
	EndGlobalSection
	GlobalSection(ExtensibilityGlobals) = postSolution
		SolutionGuid = {1AEEDC96-2CD0-4BA5-9CE1-54A1C7318373}
	EndGlobalSection
EndGlobal
